
Microsoft Visual Studio Solution File, Format Version 12.00
# Visual Studio Version 17
VisualStudioVersion = 17.13.35731.43
MinimumVisualStudioVersion = 10.0.40219.1
Project("{FAE04EC0-301F-11D3-BF4B-00C04F79EFBC}") = "CodeSmellDetection", "CodeSmellDetection\src\CodeSmellDetection.csproj", "{FBF382B7-C69A-44C4-B976-8BEDC5080963}"
EndProject
Project("{FAE04EC0-301F-11D3-BF4B-00C04F79EFBC}") = "CodeSmellDetectionTest", "CodeSmellDetection\test\CodeSmellDetectionTest.csproj", "{4CF1F0EB-4813-4330-A1BA-083A40C3C1B4}"
EndProject
Global
	GlobalSection(SolutionConfigurationPlatforms) = preSolution
		Debug|Any CPU = Debug|Any CPU
		Release|Any CPU = Release|Any CPU
	EndGlobalSection
	GlobalSection(ProjectConfigurationPlatforms) = postSolution
		{FBF382B7-C69A-44C4-B976-8BEDC5080963}.Debug|Any CPU.ActiveCfg = Debug|Any CPU
		{FBF382B7-C69A-44C4-B976-8BEDC5080963}.Debug|Any CPU.Build.0 = Debug|Any CPU
		{FBF382B7-C69A-44C4-B976-8BEDC5080963}.Release|Any CPU.ActiveCfg = Release|Any CPU
		{FBF382B7-C69A-44C4-B976-8BEDC5080963}.Release|Any CPU.Build.0 = Release|Any CPU
		{4CF1F0EB-4813-4330-A1BA-083A40C3C1B4}.Debug|Any CPU.ActiveCfg = Debug|Any CPU
		{4CF1F0EB-4813-4330-A1BA-083A40C3C1B4}.Debug|Any CPU.Build.0 = Debug|Any CPU
		{4CF1F0EB-4813-4330-A1BA-083A40C3C1B4}.Release|Any CPU.ActiveCfg = Release|Any CPU
		{4CF1F0EB-4813-4330-A1BA-083A40C3C1B4}.Release|Any CPU.Build.0 = Release|Any CPU
	EndGlobalSection
	GlobalSection(SolutionProperties) = preSolution
		HideSolutionNode = FALSE
	EndGlobalSection
	GlobalSection(ExtensibilityGlobals) = postSolution
		SolutionGuid = {B459C46A-B2B4-43A7-95E4-966076280FD0}
	EndGlobalSection
EndGlobal
